
Microsoft Visual Studio Solution File, Format Version 12.00
# Visual Studio Version 17
VisualStudioVersion = 17.3.32804.467
MinimumVisualStudioVersion = 10.0.40219.1
Project("{FAE04EC0-301F-11D3-BF4B-00C04F79EFBC}") = "WebAPI", "WebAPI\WebAPI.csproj", "{EDFAAFB4-E8C7-4B51-AC55-7AE29C780537}"
EndProject
Project("{FAE04EC0-301F-11D3-BF4B-00C04F79EFBC}") = "LibraryEntity", "LibraryEntity\LibraryEntity.csproj", "{71936F1E-DEFA-4DF1-AAF5-C97F359F18AA}"
EndProject
Global
	GlobalSection(SolutionConfigurationPlatforms) = preSolution
		Debug|Any CPU = Debug|Any CPU
		Release|Any CPU = Release|Any CPU
	EndGlobalSection
	GlobalSection(ProjectConfigurationPlatforms) = postSolution
		{EDFAAFB4-E8C7-4B51-AC55-7AE29C780537}.Debug|Any CPU.ActiveCfg = Debug|Any CPU
		{EDFAAFB4-E8C7-4B51-AC55-7AE29C780537}.Debug|Any CPU.Build.0 = Debug|Any CPU
		{EDFAAFB4-E8C7-4B51-AC55-7AE29C780537}.Release|Any CPU.ActiveCfg = Release|Any CPU
		{EDFAAFB4-E8C7-4B51-AC55-7AE29C780537}.Release|Any CPU.Build.0 = Release|Any CPU
		{71936F1E-DEFA-4DF1-AAF5-C97F359F18AA}.Debug|Any CPU.ActiveCfg = Debug|Any CPU
		{71936F1E-DEFA-4DF1-AAF5-C97F359F18AA}.Debug|Any CPU.Build.0 = Debug|Any CPU
		{71936F1E-DEFA-4DF1-AAF5-C97F359F18AA}.Release|Any CPU.ActiveCfg = Release|Any CPU
		{71936F1E-DEFA-4DF1-AAF5-C97F359F18AA}.Release|Any CPU.Build.0 = Release|Any CPU
	EndGlobalSection
	GlobalSection(SolutionProperties) = preSolution
		HideSolutionNode = FALSE
	EndGlobalSection
	GlobalSection(ExtensibilityGlobals) = postSolution
		SolutionGuid = {177ADBFF-2591-4F01-996D-2746FC3B9E83}
	EndGlobalSection
EndGlobal
